// !$*UTF8*$!
{
	archiveVersion = 1;
	classes = {
	};
	objectVersion = 50;
	objects = {

/* Begin PBXBuildFile section */
		266DEE27255AAC2F001B7BBE /* AppDelegate.swift in Sources */ = {isa = PBXBuildFile; fileRef = 266DEE26255AAC2F001B7BBE /* AppDelegate.swift */; };
		266DEE29255AAC2F001B7BBE /* SceneDelegate.swift in Sources */ = {isa = PBXBuildFile; fileRef = 266DEE28255AAC2F001B7BBE /* SceneDelegate.swift */; };
		266DEE2B255AAC2F001B7BBE /* ViewController.swift in Sources */ = {isa = PBXBuildFile; fileRef = 266DEE2A255AAC2F001B7BBE /* ViewController.swift */; };
		266DEE2E255AAC2F001B7BBE /* Main.storyboard in Resources */ = {isa = PBXBuildFile; fileRef = 266DEE2C255AAC2F001B7BBE /* Main.storyboard */; };
		266DEE30255AAC31001B7BBE /* Assets.xcassets in Resources */ = {isa = PBXBuildFile; fileRef = 266DEE2F255AAC31001B7BBE /* Assets.xcassets */; };
		266DEE33255AAC31001B7BBE /* LaunchScreen.storyboard in Resources */ = {isa = PBXBuildFile; fileRef = 266DEE31255AAC31001B7BBE /* LaunchScreen.storyboard */; };
/* End PBXBuildFile section */

/* Begin PBXFileReference section */
		266DEE23255AAC2F001B7BBE /* Project33.app */ = {isa = PBXFileReference; explicitFileType = wrapper.application; includeInIndex = 0; path = Project33.app; sourceTree = BUILT_PRODUCTS_DIR; };
		266DEE26255AAC2F001B7BBE /* AppDelegate.swift */ = {isa = PBXFileReference; lastKnownFileType = sourcecode.swift; path = AppDelegate.swift; sourceTree = "<group>"; };
		266DEE28255AAC2F001B7BBE /* SceneDelegate.swift */ = {isa = PBXFileReference; lastKnownFileType = sourcecode.swift; path = SceneDelegate.swift; sourceTree = "<group>"; };
		266DEE2A255AAC2F001B7BBE /* ViewController.swift */ = {isa = PBXFileReference; lastKnownFileType = sourcecode.swift; path = ViewController.swift; sourceTree = "<group>"; };
		266DEE2D255AAC2F001B7BBE /* Base */ = {isa = PBXFileReference; lastKnownFileType = file.storyboard; name = Base; path = Base.lproj/Main.storyboard; sourceTree = "<group>"; };
		266DEE2F255AAC31001B7BBE /* Assets.xcassets */ = {isa = PBXFileReference; lastKnownFileType = folder.assetcatalog; path = Assets.xcassets; sourceTree = "<group>"; };
		266DEE32255AAC31001B7BBE /* Base */ = {isa = PBXFileReference; lastKnownFileType = file.storyboard; name = Base; path = Base.lproj/LaunchScreen.storyboard; sourceTree = "<group>"; };
		266DEE34255AAC31001B7BBE /* Info.plist */ = {isa = PBXFileReference; lastKnownFileType = text.plist.xml; path = Info.plist; sourceTree = "<group>"; };
/* End PBXFileReference section */

/* Begin PBXFrameworksBuildPhase section */
		266DEE20255AAC2F001B7BBE /* Frameworks */ = {
			isa = PBXFrameworksBuildPhase;
			buildActionMask = 2147483647;
			files = (
			);
			runOnlyForDeploymentPostprocessing = 0;
		};
/* End PBXFrameworksBuildPhase section */

/* Begin PBXGroup section */
		266DEE1A255AAC2F001B7BBE = {
			isa = PBXGroup;
			children = (
				266DEE25255AAC2F001B7BBE /* Project33 */,
				266DEE24255AAC2F001B7BBE /* Products */,
			);
			sourceTree = "<group>";
		};
		266DEE24255AAC2F001B7BBE /* Products */ = {
			isa = PBXGroup;
			children = (
				266DEE23255AAC2F001B7BBE /* Project33.app */,
			);
			name = Products;
			sourceTree = "<group>";
		};
		266DEE25255AAC2F001B7BBE /* Project33 */ = {
			isa = PBXGroup;
			children = (
				266DEE26255AAC2F001B7BBE /* AppDelegate.swift */,
				266DEE28255AAC2F001B7BBE /* SceneDelegate.swift */,
				266DEE2A255AAC2F001B7BBE /* ViewController.swift */,
				266DEE2C255AAC2F001B7BBE /* Main.storyboard */,
				266DEE2F255AAC31001B7BBE /* Assets.xcassets */,
				266DEE31255AAC31001B7BBE /* LaunchScreen.storyboard */,
				266DEE34255AAC31001B7BBE /* Info.plist */,
			);
			path = Project33;
			sourceTree = "<group>";
		};
/* End PBXGroup section */

/* Begin PBXNativeTarget section */
		266DEE22255AAC2F001B7BBE /* Project33 */ = {
			isa = PBXNativeTarget;
			buildConfigurationList = 266DEE37255AAC31001B7BBE /* Build configuration list for PBXNativeTarget "Project33" */;
			buildPhases = (
				266DEE1F255AAC2F001B7BBE /* Sources */,
				266DEE20255AAC2F001B7BBE /* Frameworks */,
				266DEE21255AAC2F001B7BBE /* Resources */,
			);
			buildRules = (
			);
			dependencies = (
			);
			name = Project33;
			productName = Project33;
			productReference = 266DEE23255AAC2F001B7BBE /* Project33.app */;
			productType = "com.apple.product-type.application";
		};
/* End PBXNativeTarget section */

/* Begin PBXProject section */
		266DEE1B255AAC2F001B7BBE /* Project object */ = {
			isa = PBXProject;
			attributes = {
				LastSwiftUpdateCheck = 1220;
				LastUpgradeCheck = 1220;
				TargetAttributes = {
					266DEE22255AAC2F001B7BBE = {
						CreatedOnToolsVersion = 12.2;
					};
				};
			};
			buildConfigurationList = 266DEE1E255AAC2F001B7BBE /* Build configuration list for PBXProject "Project33" */;
			compatibilityVersion = "Xcode 9.3";
			developmentRegion = en;
			hasScannedForEncodings = 0;
			knownRegions = (
				en,
				Base,
			);
			mainGroup = 266DEE1A255AAC2F001B7BBE;
			productRefGroup = 266DEE24255AAC2F001B7BBE /* Products */;
			projectDirPath = "";
			projectRoot = "";
			targets = (
				266DEE22255AAC2F001B7BBE /* Project33 */,
			);
		};
/* End PBXProject section */

/* Begin PBXResourcesBuildPhase section */
		266DEE21255AAC2F001B7BBE /* Resources */ = {
			isa = PBXResourcesBuildPhase;
			buildActionMask = 2147483647;
			files = (
				266DEE33255AAC31001B7BBE /* LaunchScreen.storyboard in Resources */,
				266DEE30255AAC31001B7BBE /* Assets.xcassets in Resources */,
				266DEE2E255AAC2F001B7BBE /* Main.storyboard in Resources */,
			);
			runOnlyForDeploymentPostprocessing = 0;
		};
/* End PBXResourcesBuildPhase section */

/* Begin PBXSourcesBuildPhase section */
		266DEE1F255AAC2F001B7BBE /* Sources */ = {
			isa = PBXSourcesBuildPhase;
			buildActionMask = 2147483647;
			files = (
				266DEE2B255AAC2F001B7BBE /* ViewController.swift in Sources */,
				266DEE27255AAC2F001B7BBE /* AppDelegate.swift in Sources */,
				266DEE29255AAC2F001B7BBE /* SceneDelegate.swift in Sources */,
			);
			runOnlyForDeploymentPostprocessing = 0;
		};
/* End PBXSourcesBuildPhase section */

/* Begin PBXVariantGroup section */
		266DEE2C255AAC2F001B7BBE /* Main.storyboard */ = {
			isa = PBXVariantGroup;
			children = (
				266DEE2D255AAC2F001B7BBE /* Base */,
			);
			name = Main.storyboard;
			sourceTree = "<group>";
		};
		266DEE31255AAC31001B7BBE /* LaunchScreen.storyboard */ = {
			isa = PBXVariantGroup;
			children = (
				266DEE32255AAC31001B7BBE /* Base */,
			);
			name = LaunchScreen.storyboard;
			sourceTree = "<group>";
		};
/* End PBXVariantGroup section */

/* Begin XCBuildConfiguration section */
		266DEE35255AAC31001B7BBE /* Debug */ = {
			isa = XCBuildConfiguration;
			buildSettings = {
				ALWAYS_SEARCH_USER_PATHS = NO;
				CLANG_ANALYZER_NONNULL = YES;
				CLANG_ANALYZER_NUMBER_OBJECT_CONVERSION = YES_AGGRESSIVE;
				CLANG_CXX_LANGUAGE_STANDARD = "gnu++14";
				CLANG_CXX_LIBRARY = "libc++";
				CLANG_ENABLE_MODULES = YES;
				CLANG_ENABLE_OBJC_ARC = YES;
				CLANG_ENABLE_OBJC_WEAK = YES;
				CLANG_WARN_BLOCK_CAPTURE_AUTORELEASING = YES;
				CLANG_WARN_BOOL_CONVERSION = YES;
				CLANG_WARN_COMMA = YES;
				CLANG_WARN_CONSTANT_CONVERSION = YES;
				CLANG_WARN_DEPRECATED_OBJC_IMPLEMENTATIONS = YES;
				CLANG_WARN_DIRECT_OBJC_ISA_USAGE = YES_ERROR;
				CLANG_WARN_DOCUMENTATION_COMMENTS = YES;
				CLANG_WARN_EMPTY_BODY = YES;
				CLANG_WARN_ENUM_CONVERSION = YES;
				CLANG_WARN_INFINITE_RECURSION = YES;
				CLANG_WARN_INT_CONVERSION = YES;
				CLANG_WARN_NON_LITERAL_NULL_CONVERSION = YES;
				CLANG_WARN_OBJC_IMPLICIT_RETAIN_SELF = YES;
				CLANG_WARN_OBJC_LITERAL_CONVERSION = YES;
				CLANG_WARN_OBJC_ROOT_CLASS = YES_ERROR;
				CLANG_WARN_QUOTED_INCLUDE_IN_FRAMEWORK_HEADER = YES;
				CLANG_WARN_RANGE_LOOP_ANALYSIS = YES;
				CLANG_WARN_STRICT_PROTOTYPES = YES;
				CLANG_WARN_SUSPICIOUS_MOVE = YES;
				CLANG_WARN_UNGUARDED_AVAILABILITY = YES_AGGRESSIVE;
				CLANG_WARN_UNREACHABLE_CODE = YES;
				CLANG_WARN__DUPLICATE_METHOD_MATCH = YES;
				COPY_PHASE_STRIP = NO;
				DEBUG_INFORMATION_FORMAT = dwarf;
				ENABLE_STRICT_OBJC_MSGSEND = YES;
				ENABLE_TESTABILITY = YES;
				GCC_C_LANGUAGE_STANDARD = gnu11;
				GCC_DYNAMIC_NO_PIC = NO;
				GCC_NO_COMMON_BLOCKS = YES;
				GCC_OPTIMIZATION_LEVEL = 0;
				GCC_PREPROCESSOR_DEFINITIONS = (
					"DEBUG=1",
					"$(inherited)",
				);
				GCC_WARN_64_TO_32_BIT_CONVERSION = YES;
				GCC_WARN_ABOUT_RETURN_TYPE = YES_ERROR;
				GCC_WARN_UNDECLARED_SELECTOR = YES;
				GCC_WARN_UNINITIALIZED_AUTOS = YES_AGGRESSIVE;
				GCC_WARN_UNUSED_FUNCTION = YES;
				GCC_WARN_UNUSED_VARIABLE = YES;
				IPHONEOS_DEPLOYMENT_TARGET = 14.2;
				MTL_ENABLE_DEBUG_INFO = INCLUDE_SOURCE;
				MTL_FAST_MATH = YES;
				ONLY_ACTIVE_ARCH = YES;
				SDKROOT = iphoneos;
				SWIFT_ACTIVE_COMPILATION_CONDITIONS = DEBUG;
				SWIFT_OPTIMIZATION_LEVEL = "-Onone";
			};
			name = Debug;
		};
		266DEE36255AAC31001B7BBE /* Release */ = {
			isa = XCBuildConfiguration;
			buildSettings = {
				ALWAYS_SEARCH_USER_PATHS = NO;
				CLANG_ANALYZER_NONNULL = YES;
				CLANG_ANALYZER_NUMBER_OBJECT_CONVERSION = YES_AGGRESSIVE;
				CLANG_CXX_LANGUAGE_STANDARD = "gnu++14";
				CLANG_CXX_LIBRARY = "libc++";
				CLANG_ENABLE_MODULES = YES;
				CLANG_ENABLE_OBJC_ARC = YES;
				CLANG_ENABLE_OBJC_WEAK = YES;
				CLANG_WARN_BLOCK_CAPTURE_AUTORELEASING = YES;
				CLANG_WARN_BOOL_CONVERSION = YES;
				CLANG_WARN_COMMA = YES;
				CLANG_WARN_CONSTANT_CONVERSION = YES;
				CLANG_WARN_DEPRECATED_OBJC_IMPLEMENTATIONS = YES;
				CLANG_WARN_DIRECT_OBJC_ISA_USAGE = YES_ERROR;
				CLANG_WARN_DOCUMENTATION_COMMENTS = YES;
				CLANG_WARN_EMPTY_BODY = YES;
				CLANG_WARN_ENUM_CONVERSION = YES;
				CLANG_WARN_INFINITE_RECURSION = YES;
				CLANG_WARN_INT_CONVERSION = YES;
				CLANG_WARN_NON_LITERAL_NULL_CONVERSION = YES;
				CLANG_WARN_OBJC_IMPLICIT_RETAIN_SELF = YES;
				CLANG_WARN_OBJC_LITERAL_CONVERSION = YES;
				CLANG_WARN_OBJC_ROOT_CLASS = YES_ERROR;
				CLANG_WARN_QUOTED_INCLUDE_IN_FRAMEWORK_HEADER = YES;
				CLANG_WARN_RANGE_LOOP_ANALYSIS = YES;
				CLANG_WARN_STRICT_PROTOTYPES = YES;
				CLANG_WARN_SUSPICIOUS_MOVE = YES;
				CLANG_WARN_UNGUARDED_AVAILABILITY = YES_AGGRESSIVE;
				CLANG_WARN_UNREACHABLE_CODE = YES;
				CLANG_WARN__DUPLICATE_METHOD_MATCH = YES;
				COPY_PHASE_STRIP = NO;
				DEBUG_INFORMATION_FORMAT = "dwarf-with-dsym";
				ENABLE_NS_ASSERTIONS = NO;
				ENABLE_STRICT_OBJC_MSGSEND = YES;
				GCC_C_LANGUAGE_STANDARD = gnu11;
				GCC_NO_COMMON_BLOCKS = YES;
				GCC_WARN_64_TO_32_BIT_CONVERSION = YES;
				GCC_WARN_ABOUT_RETURN_TYPE = YES_ERROR;
				GCC_WARN_UNDECLARED_SELECTOR = YES;
				GCC_WARN_UNINITIALIZED_AUTOS = YES_AGGRESSIVE;
				GCC_WARN_UNUSED_FUNCTION = YES;
				GCC_WARN_UNUSED_VARIABLE = YES;
				IPHONEOS_DEPLOYMENT_TARGET = 14.2;
				MTL_ENABLE_DEBUG_INFO = NO;
				MTL_FAST_MATH = YES;
				SDKROOT = iphoneos;
				SWIFT_COMPILATION_MODE = wholemodule;
				SWIFT_OPTIMIZATION_LEVEL = "-O";
				VALIDATE_PRODUCT = YES;
			};
			name = Release;
		};
		266DEE38255AAC31001B7BBE /* Debug */ = {
			isa = XCBuildConfiguration;
			buildSettings = {
				ASSETCATALOG_COMPILER_APPICON_NAME = AppIcon;
				ASSETCATALOG_COMPILER_GLOBAL_ACCENT_COLOR_NAME = AccentColor;
				CODE_SIGN_STYLE = Automatic;
				DEVELOPMENT_TEAM = QCV468WDTL;
				INFOPLIST_FILE = Project33/Info.plist;
				LD_RUNPATH_SEARCH_PATHS = (
					"$(inherited)",
					"@executable_path/Frameworks",
				);
				PRODUCT_BUNDLE_IDENTIFIER = com.rustynailsoftware.Project33;
				PRODUCT_NAME = "$(TARGET_NAME)";
				SWIFT_VERSION = 5.0;
				TARGETED_DEVICE_FAMILY = "1,2";
			};
			name = Debug;
		};
		266DEE39255AAC31001B7BBE /* Release */ = {
			isa = XCBuildConfiguration;
			buildSettings = {
				ASSETCATALOG_COMPILER_APPICON_NAME = AppIcon;
				ASSETCATALOG_COMPILER_GLOBAL_ACCENT_COLOR_NAME = AccentColor;
				CODE_SIGN_STYLE = Automatic;
				DEVELOPMENT_TEAM = QCV468WDTL;
				INFOPLIST_FILE = Project33/Info.plist;
				LD_RUNPATH_SEARCH_PATHS = (
					"$(inherited)",
					"@executable_path/Frameworks",
				);
				PRODUCT_BUNDLE_IDENTIFIER = com.rustynailsoftware.Project33;
				PRODUCT_NAME = "$(TARGET_NAME)";
				SWIFT_VERSION = 5.0;
				TARGETED_DEVICE_FAMILY = "1,2";
			};
			name = Release;
		};
/* End XCBuildConfiguration section */

/* Begin XCConfigurationList section */
		266DEE1E255AAC2F001B7BBE /* Build configuration list for PBXProject "Project33" */ = {
			isa = XCConfigurationList;
			buildConfigurations = (
				266DEE35255AAC31001B7BBE /* Debug */,
				266DEE36255AAC31001B7BBE /* Release */,
			);
			defaultConfigurationIsVisible = 0;
			defaultConfigurationName = Release;
		};
		266DEE37255AAC31001B7BBE /* Build configuration list for PBXNativeTarget "Project33" */ = {
			isa = XCConfigurationList;
			buildConfigurations = (
				266DEE38255AAC31001B7BBE /* Debug */,
				266DEE39255AAC31001B7BBE /* Release */,
			);
			defaultConfigurationIsVisible = 0;
			defaultConfigurationName = Release;
		};
/* End XCConfigurationList section */
	};
	rootObject = 266DEE1B255AAC2F001B7BBE /* Project object */;
}
